
Microsoft Visual Studio Solution File, Format Version 12.00
# Visual Studio Version 17
VisualStudioVersion = 17.10.35004.147
MinimumVisualStudioVersion = 10.0.40219.1
Project("{9A19103F-16F7-4668-BE54-9A1E7A4F7556}") = "HousingFundProject", "HousingFundProject\HousingFundProject.csproj", "{388549D6-4049-4F13-895E-7586C3FBD611}"
EndProject
Project("{FAE04EC0-301F-11D3-BF4B-00C04F79EFBC}") = "HousingFund.DAL", "HousingFund.DAL\HousingFund.DAL.csproj", "{84028FB7-0C42-429D-8BFE-094F286BA9E2}"
EndProject
Global
	GlobalSection(SolutionConfigurationPlatforms) = preSolution
		Debug|Any CPU = Debug|Any CPU
		Release|Any CPU = Release|Any CPU
	EndGlobalSection
	GlobalSection(ProjectConfigurationPlatforms) = postSolution
		{388549D6-4049-4F13-895E-7586C3FBD611}.Debug|Any CPU.ActiveCfg = Debug|Any CPU
		{388549D6-4049-4F13-895E-7586C3FBD611}.Debug|Any CPU.Build.0 = Debug|Any CPU
		{388549D6-4049-4F13-895E-7586C3FBD611}.Release|Any CPU.ActiveCfg = Release|Any CPU
		{388549D6-4049-4F13-895E-7586C3FBD611}.Release|Any CPU.Build.0 = Release|Any CPU
		{84028FB7-0C42-429D-8BFE-094F286BA9E2}.Debug|Any CPU.ActiveCfg = Debug|Any CPU
		{84028FB7-0C42-429D-8BFE-094F286BA9E2}.Debug|Any CPU.Build.0 = Debug|Any CPU
		{84028FB7-0C42-429D-8BFE-094F286BA9E2}.Release|Any CPU.ActiveCfg = Release|Any CPU
		{84028FB7-0C42-429D-8BFE-094F286BA9E2}.Release|Any CPU.Build.0 = Release|Any CPU
	EndGlobalSection
	GlobalSection(SolutionProperties) = preSolution
		HideSolutionNode = FALSE
	EndGlobalSection
	GlobalSection(ExtensibilityGlobals) = postSolution
		SolutionGuid = {B5F07C5F-2E2E-4D94-A80E-EAADF21D6AA7}
	EndGlobalSection
EndGlobal
